{
  "nodes": {
    "nixpkgs": {
      "locked": {
        "lastModified": 1765311797,
        "narHash": "sha256-mSD5Ob7a+T2RNjvPvOA1dkJHGVrNVl8ZOrAwBjKBDQo=",
        "owner": "nixos",
        "repo": "nixpkgs",
        "rev": "09eb77e94fa25202af8f3e81ddc7353d9970ac1b",
        "type": "github"
      },
      "original": {
        "owner": "nixos",
        "ref": "nixos-25.11",
        "repo": "nixpkgs",
        "type": "github"
      }
    },
    "root": {
      "inputs": {
        "nixpkgs": "nixpkgs",
        "sops-nix": "sops-nix"
      }
    },
    "sops-nix": {
      "inputs": {
        "nixpkgs": [
          "nixpkgs"
        ]
      },
      "locked": {
        "lastModified": 1765231718,
        "narHash": "sha256-qdBzo6puTgG4G2RHG0PkADg22ZnQo1JmSVFRxrD4QM4=",
        "owner": "Mic92",
        "repo": "sops-nix",
        "rev": "7fd1416aba1865eddcdec5bb11339b7222c2363e",
        "type": "github"
      },
      "original": {
        "owner": "Mic92",
        "repo": "sops-nix",
        "type": "github"
      }
    }
  },
  "root": "root",
  "version": 7
}